<?xml version="1.0" encoding="utf-8"?>
<Project ToolsVersion="4.0" xmlns="http://schemas.microsoft.com/developer/msbuild/2003">
  <ItemGroup>
    <Filter Include="Source Files">
      <UniqueIdentifier>{4FC737F1-C7A5-4376-A066-2A32D752A2FF}</UniqueIdentifier>
      <Extensions>cpp;c;cc;cxx;def;odl;idl;hpj;bat;asm;asmx</Extensions>
    </Filter>
    <Filter Include="Header Files">
      <UniqueIdentifier>{93995380-89BD-4b04-88EB-625FBE52EBFB}</UniqueIdentifier>
      <Extensions>h;hh;hpp;hxx;hm;inl;inc;xsd</Extensions>
    </Filter>
    <Filter Include="Resource Files">
      <UniqueIdentifier>{67DA6AB6-F800-4c08-8B7A-83BB121AAD01}</UniqueIdentifier>
      <Extensions>rc;ico;cur;bmp;dlg;rc2;rct;bin;rgs;gif;jpg;jpeg;jpe;resx;tiff;tif;png;wav;mfcribbon-ms</Extensions>
    </Filter>
    <Filter Include="Header Files\util">
      <UniqueIdentifier>{11d1e2ca-1486-4860-a370-98485786eeeb}</UniqueIdentifier>
    </Filter>
    <Filter Include="Header Files\base">
      <UniqueIdentifier>{3e9df357-67bc-4780-9ca6-075a19e315e7}</UniqueIdentifier>
    </Filter>
    <Filter Include="Source Files\base">
      <UniqueIdentifier>{46ea356a-cb79-4b53-9458-f4b090f1017d}</UniqueIdentifier>
    </Filter>
    <Filter Include="Source Files\util">
      <UniqueIdentifier>{29b5e5c7-e2c1-42e4-8c87-a3f2a3af50f2}</UniqueIdentifier>
    </Filter>
  </ItemGroup>
  <ItemGroup>
    <ClCompile Include="src\gamectrl.cpp">
      <Filter>Source Files</Filter>
    </ClCompile>
    <ClCompile Include="src\main.cpp">
      <Filter>Source Files</Filter>
    </ClCompile>
    <ClCompile Include="src\base\map.cpp">
      <Filter>Source Files\base</Filter>
    </ClCompile>
    <ClCompile Include="src\base\point.cpp">
      <Filter>Source Files\base</Filter>
    </ClCompile>
    <ClCompile Include="src\base\pos.cpp">
      <Filter>Source Files\base</Filter>
    </ClCompile>
    <ClCompile Include="src\base\snake.cpp">
      <Filter>Source Files\base</Filter>
    </ClCompile>
    <ClCompile Include="src\util\console.cpp">
      <Filter>Source Files\util</Filter>
    </ClCompile>
  </ItemGroup>
  <ItemGroup>
    <ClInclude Include="include\gamectrl.h">
      <Filter>Header Files</Filter>
    </ClInclude>
    <ClInclude Include="include\util\console.h">
      <Filter>Header Files\util</Filter>
    </ClInclude>
    <ClInclude Include="include\util\util.h">
      <Filter>Header Files\util</Filter>
    </ClInclude>
    <ClInclude Include="include\base\snake.h">
      <Filter>Header Files\base</Filter>
    </ClInclude>
    <ClInclude Include="include\base\pos.h">
      <Filter>Header Files\base</Filter>
    </ClInclude>
    <ClInclude Include="include\base\point.h">
      <Filter>Header Files\base</Filter>
    </ClInclude>
    <ClInclude Include="include\base\map.h">
      <Filter>Header Files\base</Filter>
    </ClInclude>
    <ClInclude Include="include\base\direction.h">
      <Filter>Header Files\base</Filter>
    </ClInclude>
  </ItemGroup>
  <ItemGroup>
    <Image Include="img\build_Hamilton.png">
      <Filter>Resource Files</Filter>
    </Image>
    <Image Include="img\build_longest.png">
      <Filter>Resource Files</Filter>
    </Image>
    <Image Include="img\demo_AI_Hamilton.gif">
      <Filter>Resource Files</Filter>
    </Image>
    <Image Include="img\demo_AI_perfect.gif">
      <Filter>Resource Files</Filter>
    </Image>
    <Image Include="img\demo_AI_search.gif">
      <Filter>Resource Files</Filter>
    </Image>
    <Image Include="img\demo_longest.gif">
      <Filter>Resource Files</Filter>
    </Image>
    <Image Include="img\demo_shortest.gif">
      <Filter>Resource Files</Filter>
    </Image>
    <Image Include="img\grid.png">
      <Filter>Resource Files</Filter>
    </Image>
    <Image Include="img\Hamilton.png">
      <Filter>Resource Files</Filter>
    </Image>
    <Image Include="img\take_shortcuts.png">
      <Filter>Resource Files</Filter>
    </Image>
  </ItemGroup>
</Project>